// !$*UTF8*$!
{
	archiveVersion = 1;
	classes = {
	};
	objectVersion = 56;
	objects = {

/* Begin PBXBuildFile section */
		1485E8742A724F07008C6720 /* AppDelegate.swift in Sources */ = {isa = PBXBuildFile; fileRef = 1485E8732A724F07008C6720 /* AppDelegate.swift */; };
		1485E8762A724F07008C6720 /* SceneDelegate.swift in Sources */ = {isa = PBXBuildFile; fileRef = 1485E8752A724F07008C6720 /* SceneDelegate.swift */; };
		1485E8782A724F07008C6720 /* ViewController.swift in Sources */ = {isa = PBXBuildFile; fileRef = 1485E8772A724F07008C6720 /* ViewController.swift */; };
		1485E87B2A724F07008C6720 /* Main.storyboard in Resources */ = {isa = PBXBuildFile; fileRef = 1485E8792A724F07008C6720 /* Main.storyboard */; };
		1485E87D2A724F09008C6720 /* Assets.xcassets in Resources */ = {isa = PBXBuildFile; fileRef = 1485E87C2A724F09008C6720 /* Assets.xcassets */; };
		1485E8802A724F09008C6720 /* LaunchScreen.storyboard in Resources */ = {isa = PBXBuildFile; fileRef = 1485E87E2A724F09008C6720 /* LaunchScreen.storyboard */; };
		1485E8882A725087008C6720 /* AttentionViewController.swift in Sources */ = {isa = PBXBuildFile; fileRef = 1485E8872A725087008C6720 /* AttentionViewController.swift */; };
		1485E88A2A7250B8008C6720 /* SettingViewController.swift in Sources */ = {isa = PBXBuildFile; fileRef = 1485E8892A7250B8008C6720 /* SettingViewController.swift */; };
		1485E88C2A7250C2008C6720 /* ShoppingViewController.swift in Sources */ = {isa = PBXBuildFile; fileRef = 1485E88B2A7250C2008C6720 /* ShoppingViewController.swift */; };
		1485E88E2A7273AE008C6720 /* Extension.swift in Sources */ = {isa = PBXBuildFile; fileRef = 1485E88D2A7273AE008C6720 /* Extension.swift */; };
/* End PBXBuildFile section */

/* Begin PBXFileReference section */
		1485E8702A724F07008C6720 /* Setting.app */ = {isa = PBXFileReference; explicitFileType = wrapper.application; includeInIndex = 0; path = Setting.app; sourceTree = BUILT_PRODUCTS_DIR; };
		1485E8732A724F07008C6720 /* AppDelegate.swift */ = {isa = PBXFileReference; lastKnownFileType = sourcecode.swift; path = AppDelegate.swift; sourceTree = "<group>"; };
		1485E8752A724F07008C6720 /* SceneDelegate.swift */ = {isa = PBXFileReference; lastKnownFileType = sourcecode.swift; path = SceneDelegate.swift; sourceTree = "<group>"; };
		1485E8772A724F07008C6720 /* ViewController.swift */ = {isa = PBXFileReference; lastKnownFileType = sourcecode.swift; path = ViewController.swift; sourceTree = "<group>"; };
		1485E87A2A724F07008C6720 /* Base */ = {isa = PBXFileReference; lastKnownFileType = file.storyboard; name = Base; path = Base.lproj/Main.storyboard; sourceTree = "<group>"; };
		1485E87C2A724F09008C6720 /* Assets.xcassets */ = {isa = PBXFileReference; lastKnownFileType = folder.assetcatalog; path = Assets.xcassets; sourceTree = "<group>"; };
		1485E87F2A724F09008C6720 /* Base */ = {isa = PBXFileReference; lastKnownFileType = file.storyboard; name = Base; path = Base.lproj/LaunchScreen.storyboard; sourceTree = "<group>"; };
		1485E8812A724F09008C6720 /* Info.plist */ = {isa = PBXFileReference; lastKnownFileType = text.plist.xml; path = Info.plist; sourceTree = "<group>"; };
		1485E8872A725087008C6720 /* AttentionViewController.swift */ = {isa = PBXFileReference; lastKnownFileType = sourcecode.swift; path = AttentionViewController.swift; sourceTree = "<group>"; };
		1485E8892A7250B8008C6720 /* SettingViewController.swift */ = {isa = PBXFileReference; lastKnownFileType = sourcecode.swift; path = SettingViewController.swift; sourceTree = "<group>"; };
		1485E88B2A7250C2008C6720 /* ShoppingViewController.swift */ = {isa = PBXFileReference; lastKnownFileType = sourcecode.swift; path = ShoppingViewController.swift; sourceTree = "<group>"; };
		1485E88D2A7273AE008C6720 /* Extension.swift */ = {isa = PBXFileReference; lastKnownFileType = sourcecode.swift; path = Extension.swift; sourceTree = "<group>"; };
/* End PBXFileReference section */

/* Begin PBXFrameworksBuildPhase section */
		1485E86D2A724F07008C6720 /* Frameworks */ = {
			isa = PBXFrameworksBuildPhase;
			buildActionMask = 2147483647;
			files = (
			);
			runOnlyForDeploymentPostprocessing = 0;
		};
/* End PBXFrameworksBuildPhase section */

/* Begin PBXGroup section */
		1485E8672A724F07008C6720 = {
			isa = PBXGroup;
			children = (
				1485E8722A724F07008C6720 /* Setting */,
				1485E8712A724F07008C6720 /* Products */,
			);
			sourceTree = "<group>";
		};
		1485E8712A724F07008C6720 /* Products */ = {
			isa = PBXGroup;
			children = (
				1485E8702A724F07008C6720 /* Setting.app */,
			);
			name = Products;
			sourceTree = "<group>";
		};
		1485E8722A724F07008C6720 /* Setting */ = {
			isa = PBXGroup;
			children = (
				1485E8732A724F07008C6720 /* AppDelegate.swift */,
				1485E8752A724F07008C6720 /* SceneDelegate.swift */,
				1485E8772A724F07008C6720 /* ViewController.swift */,
				1485E8872A725087008C6720 /* AttentionViewController.swift */,
				1485E8892A7250B8008C6720 /* SettingViewController.swift */,
				1485E88B2A7250C2008C6720 /* ShoppingViewController.swift */,
				1485E88D2A7273AE008C6720 /* Extension.swift */,
				1485E8792A724F07008C6720 /* Main.storyboard */,
				1485E87C2A724F09008C6720 /* Assets.xcassets */,
				1485E87E2A724F09008C6720 /* LaunchScreen.storyboard */,
				1485E8812A724F09008C6720 /* Info.plist */,
			);
			path = Setting;
			sourceTree = "<group>";
		};
/* End PBXGroup section */

/* Begin PBXNativeTarget section */
		1485E86F2A724F07008C6720 /* Setting */ = {
			isa = PBXNativeTarget;
			buildConfigurationList = 1485E8842A724F09008C6720 /* Build configuration list for PBXNativeTarget "Setting" */;
			buildPhases = (
				1485E86C2A724F07008C6720 /* Sources */,
				1485E86D2A724F07008C6720 /* Frameworks */,
				1485E86E2A724F07008C6720 /* Resources */,
			);
			buildRules = (
			);
			dependencies = (
			);
			name = Setting;
			productName = Setting;
			productReference = 1485E8702A724F07008C6720 /* Setting.app */;
			productType = "com.apple.product-type.application";
		};
/* End PBXNativeTarget section */

/* Begin PBXProject section */
		1485E8682A724F07008C6720 /* Project object */ = {
			isa = PBXProject;
			attributes = {
				BuildIndependentTargetsInParallel = 1;
				LastSwiftUpdateCheck = 1430;
				LastUpgradeCheck = 1430;
				TargetAttributes = {
					1485E86F2A724F07008C6720 = {
						CreatedOnToolsVersion = 14.3.1;
					};
				};
			};
			buildConfigurationList = 1485E86B2A724F07008C6720 /* Build configuration list for PBXProject "Setting" */;
			compatibilityVersion = "Xcode 14.0";
			developmentRegion = en;
			hasScannedForEncodings = 0;
			knownRegions = (
				en,
				Base,
			);
			mainGroup = 1485E8672A724F07008C6720;
			productRefGroup = 1485E8712A724F07008C6720 /* Products */;
			projectDirPath = "";
			projectRoot = "";
			targets = (
				1485E86F2A724F07008C6720 /* Setting */,
			);
		};
/* End PBXProject section */

/* Begin PBXResourcesBuildPhase section */
		1485E86E2A724F07008C6720 /* Resources */ = {
			isa = PBXResourcesBuildPhase;
			buildActionMask = 2147483647;
			files = (
				1485E8802A724F09008C6720 /* LaunchScreen.storyboard in Resources */,
				1485E87D2A724F09008C6720 /* Assets.xcassets in Resources */,
				1485E87B2A724F07008C6720 /* Main.storyboard in Resources */,
			);
			runOnlyForDeploymentPostprocessing = 0;
		};
/* End PBXResourcesBuildPhase section */

/* Begin PBXSourcesBuildPhase section */
		1485E86C2A724F07008C6720 /* Sources */ = {
			isa = PBXSourcesBuildPhase;
			buildActionMask = 2147483647;
			files = (
				1485E88A2A7250B8008C6720 /* SettingViewController.swift in Sources */,
				1485E8782A724F07008C6720 /* ViewController.swift in Sources */,
				1485E88E2A7273AE008C6720 /* Extension.swift in Sources */,
				1485E8882A725087008C6720 /* AttentionViewController.swift in Sources */,
				1485E8742A724F07008C6720 /* AppDelegate.swift in Sources */,
				1485E88C2A7250C2008C6720 /* ShoppingViewController.swift in Sources */,
				1485E8762A724F07008C6720 /* SceneDelegate.swift in Sources */,
			);
			runOnlyForDeploymentPostprocessing = 0;
		};
/* End PBXSourcesBuildPhase section */

/* Begin PBXVariantGroup section */
		1485E8792A724F07008C6720 /* Main.storyboard */ = {
			isa = PBXVariantGroup;
			children = (
				1485E87A2A724F07008C6720 /* Base */,
			);
			name = Main.storyboard;
			sourceTree = "<group>";
		};
		1485E87E2A724F09008C6720 /* LaunchScreen.storyboard */ = {
			isa = PBXVariantGroup;
			children = (
				1485E87F2A724F09008C6720 /* Base */,
			);
			name = LaunchScreen.storyboard;
			sourceTree = "<group>";
		};
/* End PBXVariantGroup section */

/* Begin XCBuildConfiguration section */
		1485E8822A724F09008C6720 /* Debug */ = {
			isa = XCBuildConfiguration;
			buildSettings = {
				ALWAYS_SEARCH_USER_PATHS = NO;
				CLANG_ANALYZER_NONNULL = YES;
				CLANG_ANALYZER_NUMBER_OBJECT_CONVERSION = YES_AGGRESSIVE;
				CLANG_CXX_LANGUAGE_STANDARD = "gnu++20";
				CLANG_ENABLE_MODULES = YES;
				CLANG_ENABLE_OBJC_ARC = YES;
				CLANG_ENABLE_OBJC_WEAK = YES;
				CLANG_WARN_BLOCK_CAPTURE_AUTORELEASING = YES;
				CLANG_WARN_BOOL_CONVERSION = YES;
				CLANG_WARN_COMMA = YES;
				CLANG_WARN_CONSTANT_CONVERSION = YES;
				CLANG_WARN_DEPRECATED_OBJC_IMPLEMENTATIONS = YES;
				CLANG_WARN_DIRECT_OBJC_ISA_USAGE = YES_ERROR;
				CLANG_WARN_DOCUMENTATION_COMMENTS = YES;
				CLANG_WARN_EMPTY_BODY = YES;
				CLANG_WARN_ENUM_CONVERSION = YES;
				CLANG_WARN_INFINITE_RECURSION = YES;
				CLANG_WARN_INT_CONVERSION = YES;
				CLANG_WARN_NON_LITERAL_NULL_CONVERSION = YES;
				CLANG_WARN_OBJC_IMPLICIT_RETAIN_SELF = YES;
				CLANG_WARN_OBJC_LITERAL_CONVERSION = YES;
				CLANG_WARN_OBJC_ROOT_CLASS = YES_ERROR;
				CLANG_WARN_QUOTED_INCLUDE_IN_FRAMEWORK_HEADER = YES;
				CLANG_WARN_RANGE_LOOP_ANALYSIS = YES;
				CLANG_WARN_STRICT_PROTOTYPES = YES;
				CLANG_WARN_SUSPICIOUS_MOVE = YES;
				CLANG_WARN_UNGUARDED_AVAILABILITY = YES_AGGRESSIVE;
				CLANG_WARN_UNREACHABLE_CODE = YES;
				CLANG_WARN__DUPLICATE_METHOD_MATCH = YES;
				COPY_PHASE_STRIP = NO;
				DEBUG_INFORMATION_FORMAT = dwarf;
				ENABLE_STRICT_OBJC_MSGSEND = YES;
				ENABLE_TESTABILITY = YES;
				GCC_C_LANGUAGE_STANDARD = gnu11;
				GCC_DYNAMIC_NO_PIC = NO;
				GCC_NO_COMMON_BLOCKS = YES;
				GCC_OPTIMIZATION_LEVEL = 0;
				GCC_PREPROCESSOR_DEFINITIONS = (
					"DEBUG=1",
					"$(inherited)",
				);
				GCC_WARN_64_TO_32_BIT_CONVERSION = YES;
				GCC_WARN_ABOUT_RETURN_TYPE = YES_ERROR;
				GCC_WARN_UNDECLARED_SELECTOR = YES;
				GCC_WARN_UNINITIALIZED_AUTOS = YES_AGGRESSIVE;
				GCC_WARN_UNUSED_FUNCTION = YES;
				GCC_WARN_UNUSED_VARIABLE = YES;
				IPHONEOS_DEPLOYMENT_TARGET = 16.4;
				MTL_ENABLE_DEBUG_INFO = INCLUDE_SOURCE;
				MTL_FAST_MATH = YES;
				ONLY_ACTIVE_ARCH = YES;
				SDKROOT = iphoneos;
				SWIFT_ACTIVE_COMPILATION_CONDITIONS = DEBUG;
				SWIFT_OPTIMIZATION_LEVEL = "-Onone";
			};
			name = Debug;
		};
		1485E8832A724F09008C6720 /* Release */ = {
			isa = XCBuildConfiguration;
			buildSettings = {
				ALWAYS_SEARCH_USER_PATHS = NO;
				CLANG_ANALYZER_NONNULL = YES;
				CLANG_ANALYZER_NUMBER_OBJECT_CONVERSION = YES_AGGRESSIVE;
				CLANG_CXX_LANGUAGE_STANDARD = "gnu++20";
				CLANG_ENABLE_MODULES = YES;
				CLANG_ENABLE_OBJC_ARC = YES;
				CLANG_ENABLE_OBJC_WEAK = YES;
				CLANG_WARN_BLOCK_CAPTURE_AUTORELEASING = YES;
				CLANG_WARN_BOOL_CONVERSION = YES;
				CLANG_WARN_COMMA = YES;
				CLANG_WARN_CONSTANT_CONVERSION = YES;
				CLANG_WARN_DEPRECATED_OBJC_IMPLEMENTATIONS = YES;
				CLANG_WARN_DIRECT_OBJC_ISA_USAGE = YES_ERROR;
				CLANG_WARN_DOCUMENTATION_COMMENTS = YES;
				CLANG_WARN_EMPTY_BODY = YES;
				CLANG_WARN_ENUM_CONVERSION = YES;
				CLANG_WARN_INFINITE_RECURSION = YES;
				CLANG_WARN_INT_CONVERSION = YES;
				CLANG_WARN_NON_LITERAL_NULL_CONVERSION = YES;
				CLANG_WARN_OBJC_IMPLICIT_RETAIN_SELF = YES;
				CLANG_WARN_OBJC_LITERAL_CONVERSION = YES;
				CLANG_WARN_OBJC_ROOT_CLASS = YES_ERROR;
				CLANG_WARN_QUOTED_INCLUDE_IN_FRAMEWORK_HEADER = YES;
				CLANG_WARN_RANGE_LOOP_ANALYSIS = YES;
				CLANG_WARN_STRICT_PROTOTYPES = YES;
				CLANG_WARN_SUSPICIOUS_MOVE = YES;
				CLANG_WARN_UNGUARDED_AVAILABILITY = YES_AGGRESSIVE;
				CLANG_WARN_UNREACHABLE_CODE = YES;
				CLANG_WARN__DUPLICATE_METHOD_MATCH = YES;
				COPY_PHASE_STRIP = NO;
				DEBUG_INFORMATION_FORMAT = "dwarf-with-dsym";
				ENABLE_NS_ASSERTIONS = NO;
				ENABLE_STRICT_OBJC_MSGSEND = YES;
				GCC_C_LANGUAGE_STANDARD = gnu11;
				GCC_NO_COMMON_BLOCKS = YES;
				GCC_WARN_64_TO_32_BIT_CONVERSION = YES;
				GCC_WARN_ABOUT_RETURN_TYPE = YES_ERROR;
				GCC_WARN_UNDECLARED_SELECTOR = YES;
				GCC_WARN_UNINITIALIZED_AUTOS = YES_AGGRESSIVE;
				GCC_WARN_UNUSED_FUNCTION = YES;
				GCC_WARN_UNUSED_VARIABLE = YES;
				IPHONEOS_DEPLOYMENT_TARGET = 16.4;
				MTL_ENABLE_DEBUG_INFO = NO;
				MTL_FAST_MATH = YES;
				SDKROOT = iphoneos;
				SWIFT_COMPILATION_MODE = wholemodule;
				SWIFT_OPTIMIZATION_LEVEL = "-O";
				VALIDATE_PRODUCT = YES;
			};
			name = Release;
		};
		1485E8852A724F09008C6720 /* Debug */ = {
			isa = XCBuildConfiguration;
			buildSettings = {
				ASSETCATALOG_COMPILER_APPICON_NAME = AppIcon;
				ASSETCATALOG_COMPILER_GLOBAL_ACCENT_COLOR_NAME = AccentColor;
				CODE_SIGN_STYLE = Automatic;
				CURRENT_PROJECT_VERSION = 1;
				DEVELOPMENT_TEAM = DD66GTY4AT;
				GENERATE_INFOPLIST_FILE = YES;
				INFOPLIST_FILE = Setting/Info.plist;
				INFOPLIST_KEY_UIApplicationSupportsIndirectInputEvents = YES;
				INFOPLIST_KEY_UILaunchStoryboardName = LaunchScreen;
				INFOPLIST_KEY_UIMainStoryboardFile = Main;
				INFOPLIST_KEY_UISupportedInterfaceOrientations_iPad = "UIInterfaceOrientationPortrait UIInterfaceOrientationPortraitUpsideDown UIInterfaceOrientationLandscapeLeft UIInterfaceOrientationLandscapeRight";
				INFOPLIST_KEY_UISupportedInterfaceOrientations_iPhone = "UIInterfaceOrientationPortrait UIInterfaceOrientationLandscapeLeft UIInterfaceOrientationLandscapeRight";
				LD_RUNPATH_SEARCH_PATHS = (
					"$(inherited)",
					"@executable_path/Frameworks",
				);
				MARKETING_VERSION = 1.0;
				PRODUCT_BUNDLE_IDENTIFIER = com.raehoon.Setting;
				PRODUCT_NAME = "$(TARGET_NAME)";
				SWIFT_EMIT_LOC_STRINGS = YES;
				SWIFT_VERSION = 5.0;
				TARGETED_DEVICE_FAMILY = "1,2";
			};
			name = Debug;
		};
		1485E8862A724F09008C6720 /* Release */ = {
			isa = XCBuildConfiguration;
			buildSettings = {
				ASSETCATALOG_COMPILER_APPICON_NAME = AppIcon;
				ASSETCATALOG_COMPILER_GLOBAL_ACCENT_COLOR_NAME = AccentColor;
				CODE_SIGN_STYLE = Automatic;
				CURRENT_PROJECT_VERSION = 1;
				DEVELOPMENT_TEAM = DD66GTY4AT;
				GENERATE_INFOPLIST_FILE = YES;
				INFOPLIST_FILE = Setting/Info.plist;
				INFOPLIST_KEY_UIApplicationSupportsIndirectInputEvents = YES;
				INFOPLIST_KEY_UILaunchStoryboardName = LaunchScreen;
				INFOPLIST_KEY_UIMainStoryboardFile = Main;
				INFOPLIST_KEY_UISupportedInterfaceOrientations_iPad = "UIInterfaceOrientationPortrait UIInterfaceOrientationPortraitUpsideDown UIInterfaceOrientationLandscapeLeft UIInterfaceOrientationLandscapeRight";
				INFOPLIST_KEY_UISupportedInterfaceOrientations_iPhone = "UIInterfaceOrientationPortrait UIInterfaceOrientationLandscapeLeft UIInterfaceOrientationLandscapeRight";
				LD_RUNPATH_SEARCH_PATHS = (
					"$(inherited)",
					"@executable_path/Frameworks",
				);
				MARKETING_VERSION = 1.0;
				PRODUCT_BUNDLE_IDENTIFIER = com.raehoon.Setting;
				PRODUCT_NAME = "$(TARGET_NAME)";
				SWIFT_EMIT_LOC_STRINGS = YES;
				SWIFT_VERSION = 5.0;
				TARGETED_DEVICE_FAMILY = "1,2";
			};
			name = Release;
		};
/* End XCBuildConfiguration section */

/* Begin XCConfigurationList section */
		1485E86B2A724F07008C6720 /* Build configuration list for PBXProject "Setting" */ = {
			isa = XCConfigurationList;
			buildConfigurations = (
				1485E8822A724F09008C6720 /* Debug */,
				1485E8832A724F09008C6720 /* Release */,
			);
			defaultConfigurationIsVisible = 0;
			defaultConfigurationName = Release;
		};
		1485E8842A724F09008C6720 /* Build configuration list for PBXNativeTarget "Setting" */ = {
			isa = XCConfigurationList;
			buildConfigurations = (
				1485E8852A724F09008C6720 /* Debug */,
				1485E8862A724F09008C6720 /* Release */,
			);
			defaultConfigurationIsVisible = 0;
			defaultConfigurationName = Release;
		};
/* End XCConfigurationList section */
	};
	rootObject = 1485E8682A724F07008C6720 /* Project object */;
}
